
Microsoft Visual Studio Solution File, Format Version 12.00
# Visual Studio Version 16
VisualStudioVersion = 16.0.29001.49
MinimumVisualStudioVersion = 10.0.40219.1
Project("{FAE04EC0-301F-11D3-BF4B-00C04F79EFBC}") = "yeopjipRandom", "yeopjipRandom\yeopjipRandom.csproj", "{21E40394-CD63-4B8B-A5ED-555F442C6645}"
EndProject
Global
	GlobalSection(SolutionConfigurationPlatforms) = preSolution
		Debug|Any CPU = Debug|Any CPU
		Release|Any CPU = Release|Any CPU
	EndGlobalSection
	GlobalSection(ProjectConfigurationPlatforms) = postSolution
		{21E40394-CD63-4B8B-A5ED-555F442C6645}.Debug|Any CPU.ActiveCfg = Debug|Any CPU
		{21E40394-CD63-4B8B-A5ED-555F442C6645}.Debug|Any CPU.Build.0 = Debug|Any CPU
		{21E40394-CD63-4B8B-A5ED-555F442C6645}.Release|Any CPU.ActiveCfg = Release|Any CPU
		{21E40394-CD63-4B8B-A5ED-555F442C6645}.Release|Any CPU.Build.0 = Release|Any CPU
	EndGlobalSection
	GlobalSection(SolutionProperties) = preSolution
		HideSolutionNode = FALSE
	EndGlobalSection
	GlobalSection(ExtensibilityGlobals) = postSolution
		SolutionGuid = {7DECC9E6-5EAF-4640-BC43-473EED8B5C2B}
	EndGlobalSection
EndGlobal
